{
  "requires": true,
  "lockfileVersion": 1,
  "dependencies": {
    "nodemailer": {
      "version": "4.6.7",
      "resolved": "https://registry.npmjs.org/nodemailer/-/nodemailer-4.6.7.tgz",
      "integrity": "sha512-GIAAYvs9XIP1fBa8wR89ukUh3yjL44pom5LKY5nTZcL+Zp9sRkqL8wgskyBQECQg9CPsDX/fjTZx8MNz20t0jA=="
    },
    "xterm": {
      "version": "3.5.1",
      "resolved": "https://registry.npmjs.org/xterm/-/xterm-3.5.1.tgz",
      "integrity": "sha512-syTMd35T+gDXKkDfwZz8CC685OsSnRujXMO+3lYcD9U+dG3FShc+Ydx71IEjfYg7TYqD+qv6SU9KAKMuiAIiAg=="
    }
  }
}
